// !$*UTF8*$!
{
	archiveVersion = 1;
	classes = {
	};
	objectVersion = 52;
	objects = {

/* Begin PBXBuildFile section */
		F37FF4F4283EE58F009E14D0 /* HomeProtocol.swift in Sources */ = {isa = PBXBuildFile; fileRef = F37FF4F3283EE58F009E14D0 /* HomeProtocol.swift */; };
		F37FF4F7283EE626009E14D0 /* HomeService.swift in Sources */ = {isa = PBXBuildFile; fileRef = F37FF4F6283EE626009E14D0 /* HomeService.swift */; };
		F37FF4FE283F20FF009E14D0 /* DesafioCoordinator.swift in Sources */ = {isa = PBXBuildFile; fileRef = F37FF4FD283F20FF009E14D0 /* DesafioCoordinator.swift */; };
		F37FF507283F232D009E14D0 /* Question.swift in Sources */ = {isa = PBXBuildFile; fileRef = F37FF506283F232D009E14D0 /* Question.swift */; };
		F37FF50C283F2423009E14D0 /* Alamofire in Frameworks */ = {isa = PBXBuildFile; productRef = F37FF50B283F2423009E14D0 /* Alamofire */; };
		F37FF50F283F2446009E14D0 /* DesafioProtocol.swift in Sources */ = {isa = PBXBuildFile; fileRef = F37FF50E283F2446009E14D0 /* DesafioProtocol.swift */; };
		F38A2F41283D1C5A00BEF36D /* InfoCollectionViewCell.swift in Sources */ = {isa = PBXBuildFile; fileRef = F38A2F40283D1C5A00BEF36D /* InfoCollectionViewCell.swift */; };
		F38A2F46283D9B4100BEF36D /* AlternativaCollectionViewCell.swift in Sources */ = {isa = PBXBuildFile; fileRef = F38A2F45283D9B4000BEF36D /* AlternativaCollectionViewCell.swift */; };
		F38A2F4D283DB16A00BEF36D /* OnboardingViewController.swift in Sources */ = {isa = PBXBuildFile; fileRef = F38A2F4B283DB16A00BEF36D /* OnboardingViewController.swift */; };
		F38A2F4E283DB16A00BEF36D /* OnboardingViewController.xib in Resources */ = {isa = PBXBuildFile; fileRef = F38A2F4C283DB16A00BEF36D /* OnboardingViewController.xib */; };
		F38A2F53283DD83E00BEF36D /* CelebracaoViewController.swift in Sources */ = {isa = PBXBuildFile; fileRef = F38A2F51283DD83D00BEF36D /* CelebracaoViewController.swift */; };
		F38A2F54283DD83E00BEF36D /* CelebracaoViewController.xib in Resources */ = {isa = PBXBuildFile; fileRef = F38A2F52283DD83D00BEF36D /* CelebracaoViewController.xib */; };
		F38CE855283E5342009198F0 /* Jogador.swift in Sources */ = {isa = PBXBuildFile; fileRef = F38CE854283E5342009198F0 /* Jogador.swift */; };
		F38CE859283E5713009198F0 /* Realm in Frameworks */ = {isa = PBXBuildFile; productRef = F38CE858283E5713009198F0 /* Realm */; };
		F38CE85B283E5713009198F0 /* RealmSwift in Frameworks */ = {isa = PBXBuildFile; productRef = F38CE85A283E5713009198F0 /* RealmSwift */; };
		F38CE85E283E5BD9009198F0 /* OnboardingService.swift in Sources */ = {isa = PBXBuildFile; fileRef = F38CE85D283E5BD9009198F0 /* OnboardingService.swift */; };
		F38CE862283E5FDD009198F0 /* Utilities.swift in Sources */ = {isa = PBXBuildFile; fileRef = F38CE861283E5FDD009198F0 /* Utilities.swift */; };
		F38CE869283E71BC009198F0 /* OnboardingViewModel.swift in Sources */ = {isa = PBXBuildFile; fileRef = F38CE868283E71BC009198F0 /* OnboardingViewModel.swift */; };
		F38CE86D283EA9CB009198F0 /* OnboardingProtocol.swift in Sources */ = {isa = PBXBuildFile; fileRef = F38CE86C283EA9CB009198F0 /* OnboardingProtocol.swift */; };
		F38CE872283EAEF1009198F0 /* HomeCoordinator.swift in Sources */ = {isa = PBXBuildFile; fileRef = F38CE871283EAEF1009198F0 /* HomeCoordinator.swift */; };
		F38CE87A283ED1B2009198F0 /* HomeViewModel.swift in Sources */ = {isa = PBXBuildFile; fileRef = F38CE879283ED1B2009198F0 /* HomeViewModel.swift */; };
		F3BAD12C283C04C7004E4618 /* AppDelegate.swift in Sources */ = {isa = PBXBuildFile; fileRef = F3BAD12B283C04C7004E4618 /* AppDelegate.swift */; };
		F3BAD12E283C04C7004E4618 /* SceneDelegate.swift in Sources */ = {isa = PBXBuildFile; fileRef = F3BAD12D283C04C7004E4618 /* SceneDelegate.swift */; };
		F3BAD135283C04CA004E4618 /* Assets.xcassets in Resources */ = {isa = PBXBuildFile; fileRef = F3BAD134283C04CA004E4618 /* Assets.xcassets */; };
		F3BAD138283C04CA004E4618 /* LaunchScreen.storyboard in Resources */ = {isa = PBXBuildFile; fileRef = F3BAD136283C04CA004E4618 /* LaunchScreen.storyboard */; };
		F3BAD143283C0557004E4618 /* AppCoordinator.swift in Sources */ = {isa = PBXBuildFile; fileRef = F3BAD142283C0557004E4618 /* AppCoordinator.swift */; };
		F3BAD151283C0CCE004E4618 /* OnboardingCoordinator.swift in Sources */ = {isa = PBXBuildFile; fileRef = F3BAD150283C0CCE004E4618 /* OnboardingCoordinator.swift */; };
		F3BAD15A283C1530004E4618 /* DesafioViewController.swift in Sources */ = {isa = PBXBuildFile; fileRef = F3BAD158283C1530004E4618 /* DesafioViewController.swift */; };
		F3BAD15B283C1530004E4618 /* DesafioViewController.xib in Resources */ = {isa = PBXBuildFile; fileRef = F3BAD159283C1530004E4618 /* DesafioViewController.xib */; };
		F3BD9AC5283C3A2D00546BCC /* ProtocolViewCode.swift in Sources */ = {isa = PBXBuildFile; fileRef = F3BD9AC4283C3A2D00546BCC /* ProtocolViewCode.swift */; };
		F3BD9ACD283C416700546BCC /* HomeViewController.swift in Sources */ = {isa = PBXBuildFile; fileRef = F3BD9ACB283C416700546BCC /* HomeViewController.swift */; };
		F3BD9ACE283C416700546BCC /* HomeViewController.xib in Resources */ = {isa = PBXBuildFile; fileRef = F3BD9ACC283C416700546BCC /* HomeViewController.xib */; };
/* End PBXBuildFile section */

/* Begin PBXFileReference section */
		F37FF4F3283EE58F009E14D0 /* HomeProtocol.swift */ = {isa = PBXFileReference; lastKnownFileType = sourcecode.swift; path = HomeProtocol.swift; sourceTree = "<group>"; };
		F37FF4F6283EE626009E14D0 /* HomeService.swift */ = {isa = PBXFileReference; lastKnownFileType = sourcecode.swift; path = HomeService.swift; sourceTree = "<group>"; };
		F37FF4FD283F20FF009E14D0 /* DesafioCoordinator.swift */ = {isa = PBXFileReference; lastKnownFileType = sourcecode.swift; path = DesafioCoordinator.swift; sourceTree = "<group>"; };
		F37FF506283F232D009E14D0 /* Question.swift */ = {isa = PBXFileReference; lastKnownFileType = sourcecode.swift; path = Question.swift; sourceTree = "<group>"; };
		F37FF50E283F2446009E14D0 /* DesafioProtocol.swift */ = {isa = PBXFileReference; lastKnownFileType = sourcecode.swift; path = DesafioProtocol.swift; sourceTree = "<group>"; };
		F38A2F40283D1C5A00BEF36D /* InfoCollectionViewCell.swift */ = {isa = PBXFileReference; lastKnownFileType = sourcecode.swift; path = InfoCollectionViewCell.swift; sourceTree = "<group>"; };
		F38A2F45283D9B4000BEF36D /* AlternativaCollectionViewCell.swift */ = {isa = PBXFileReference; lastKnownFileType = sourcecode.swift; path = AlternativaCollectionViewCell.swift; sourceTree = "<group>"; };
		F38A2F4B283DB16A00BEF36D /* OnboardingViewController.swift */ = {isa = PBXFileReference; lastKnownFileType = sourcecode.swift; path = OnboardingViewController.swift; sourceTree = "<group>"; };
		F38A2F4C283DB16A00BEF36D /* OnboardingViewController.xib */ = {isa = PBXFileReference; lastKnownFileType = file.xib; path = OnboardingViewController.xib; sourceTree = "<group>"; };
		F38A2F51283DD83D00BEF36D /* CelebracaoViewController.swift */ = {isa = PBXFileReference; lastKnownFileType = sourcecode.swift; path = CelebracaoViewController.swift; sourceTree = "<group>"; };
		F38A2F52283DD83D00BEF36D /* CelebracaoViewController.xib */ = {isa = PBXFileReference; lastKnownFileType = file.xib; path = CelebracaoViewController.xib; sourceTree = "<group>"; };
		F38CE854283E5342009198F0 /* Jogador.swift */ = {isa = PBXFileReference; lastKnownFileType = sourcecode.swift; path = Jogador.swift; sourceTree = "<group>"; };
		F38CE85D283E5BD9009198F0 /* OnboardingService.swift */ = {isa = PBXFileReference; lastKnownFileType = sourcecode.swift; path = OnboardingService.swift; sourceTree = "<group>"; };
		F38CE861283E5FDD009198F0 /* Utilities.swift */ = {isa = PBXFileReference; lastKnownFileType = sourcecode.swift; path = Utilities.swift; sourceTree = "<group>"; };
		F38CE868283E71BC009198F0 /* OnboardingViewModel.swift */ = {isa = PBXFileReference; lastKnownFileType = sourcecode.swift; path = OnboardingViewModel.swift; sourceTree = "<group>"; };
		F38CE86C283EA9CB009198F0 /* OnboardingProtocol.swift */ = {isa = PBXFileReference; lastKnownFileType = sourcecode.swift; path = OnboardingProtocol.swift; sourceTree = "<group>"; };
		F38CE871283EAEF1009198F0 /* HomeCoordinator.swift */ = {isa = PBXFileReference; lastKnownFileType = sourcecode.swift; path = HomeCoordinator.swift; sourceTree = "<group>"; };
		F38CE879283ED1B2009198F0 /* HomeViewModel.swift */ = {isa = PBXFileReference; lastKnownFileType = sourcecode.swift; path = HomeViewModel.swift; sourceTree = "<group>"; };
		F3BAD128283C04C7004E4618 /* Quiz.app */ = {isa = PBXFileReference; explicitFileType = wrapper.application; includeInIndex = 0; path = Quiz.app; sourceTree = BUILT_PRODUCTS_DIR; };
		F3BAD12B283C04C7004E4618 /* AppDelegate.swift */ = {isa = PBXFileReference; lastKnownFileType = sourcecode.swift; path = AppDelegate.swift; sourceTree = "<group>"; };
		F3BAD12D283C04C7004E4618 /* SceneDelegate.swift */ = {isa = PBXFileReference; lastKnownFileType = sourcecode.swift; path = SceneDelegate.swift; sourceTree = "<group>"; };
		F3BAD134283C04CA004E4618 /* Assets.xcassets */ = {isa = PBXFileReference; lastKnownFileType = folder.assetcatalog; path = Assets.xcassets; sourceTree = "<group>"; };
		F3BAD137283C04CA004E4618 /* Base */ = {isa = PBXFileReference; lastKnownFileType = file.storyboard; name = Base; path = Base.lproj/LaunchScreen.storyboard; sourceTree = "<group>"; };
		F3BAD139283C04CA004E4618 /* Info.plist */ = {isa = PBXFileReference; lastKnownFileType = text.plist.xml; path = Info.plist; sourceTree = "<group>"; };
		F3BAD142283C0557004E4618 /* AppCoordinator.swift */ = {isa = PBXFileReference; lastKnownFileType = sourcecode.swift; path = AppCoordinator.swift; sourceTree = "<group>"; };
		F3BAD150283C0CCE004E4618 /* OnboardingCoordinator.swift */ = {isa = PBXFileReference; lastKnownFileType = sourcecode.swift; path = OnboardingCoordinator.swift; sourceTree = "<group>"; };
		F3BAD158283C1530004E4618 /* DesafioViewController.swift */ = {isa = PBXFileReference; lastKnownFileType = sourcecode.swift; path = DesafioViewController.swift; sourceTree = "<group>"; };
		F3BAD159283C1530004E4618 /* DesafioViewController.xib */ = {isa = PBXFileReference; lastKnownFileType = file.xib; path = DesafioViewController.xib; sourceTree = "<group>"; };
		F3BD9AC4283C3A2D00546BCC /* ProtocolViewCode.swift */ = {isa = PBXFileReference; lastKnownFileType = sourcecode.swift; path = ProtocolViewCode.swift; sourceTree = "<group>"; };
		F3BD9ACB283C416700546BCC /* HomeViewController.swift */ = {isa = PBXFileReference; lastKnownFileType = sourcecode.swift; path = HomeViewController.swift; sourceTree = "<group>"; };
		F3BD9ACC283C416700546BCC /* HomeViewController.xib */ = {isa = PBXFileReference; lastKnownFileType = file.xib; path = HomeViewController.xib; sourceTree = "<group>"; };
/* End PBXFileReference section */

/* Begin PBXFrameworksBuildPhase section */
		F3BAD125283C04C7004E4618 /* Frameworks */ = {
			isa = PBXFrameworksBuildPhase;
			buildActionMask = 2147483647;
			files = (
				F37FF50C283F2423009E14D0 /* Alamofire in Frameworks */,
				F38CE85B283E5713009198F0 /* RealmSwift in Frameworks */,
				F38CE859283E5713009198F0 /* Realm in Frameworks */,
			);
			runOnlyForDeploymentPostprocessing = 0;
		};
/* End PBXFrameworksBuildPhase section */

/* Begin PBXGroup section */
		F37FF4FC283F20D9009E14D0 /* Coordinator */ = {
			isa = PBXGroup;
			children = (
				F37FF4FD283F20FF009E14D0 /* DesafioCoordinator.swift */,
			);
			path = Coordinator;
			sourceTree = "<group>";
		};
		F37FF502283F22CA009E14D0 /* Protocol */ = {
			isa = PBXGroup;
			children = (
				F37FF50E283F2446009E14D0 /* DesafioProtocol.swift */,
			);
			path = Protocol;
			sourceTree = "<group>";
		};
		F37FF503283F22D4009E14D0 /* Networking */ = {
			isa = PBXGroup;
			children = (
			);
			path = Networking;
			sourceTree = "<group>";
		};
		F37FF504283F22E0009E14D0 /* ViewModel */ = {
			isa = PBXGroup;
			children = (
			);
			path = ViewModel;
			sourceTree = "<group>";
		};
		F37FF505283F22ED009E14D0 /* Model */ = {
			isa = PBXGroup;
			children = (
				F37FF506283F232D009E14D0 /* Question.swift */,
			);
			path = Model;
			sourceTree = "<group>";
		};
		F38A2F3A283D07B600BEF36D /* Resources */ = {
			isa = PBXGroup;
			children = (
				F38CE860283E5F7B009198F0 /* Ultils */,
				F38A2F3B283D07C500BEF36D /* Protocol */,
			);
			path = Resources;
			sourceTree = "<group>";
		};
		F38A2F3B283D07C500BEF36D /* Protocol */ = {
			isa = PBXGroup;
			children = (
				F3BD9AC4283C3A2D00546BCC /* ProtocolViewCode.swift */,
			);
			path = Protocol;
			sourceTree = "<group>";
		};
		F38A2F3F283D1C3D00BEF36D /* Cell */ = {
			isa = PBXGroup;
			children = (
				F38A2F40283D1C5A00BEF36D /* InfoCollectionViewCell.swift */,
			);
			path = Cell;
			sourceTree = "<group>";
		};
		F38A2F44283D9B0700BEF36D /* Cell */ = {
			isa = PBXGroup;
			children = (
				F38A2F45283D9B4000BEF36D /* AlternativaCollectionViewCell.swift */,
			);
			path = Cell;
			sourceTree = "<group>";
		};
		F38A2F50283DD7D700BEF36D /* Celebracao */ = {
			isa = PBXGroup;
			children = (
				F38A2F51283DD83D00BEF36D /* CelebracaoViewController.swift */,
				F38A2F52283DD83D00BEF36D /* CelebracaoViewController.xib */,
			);
			path = Celebracao;
			sourceTree = "<group>";
		};
		F38CE851283E51E4009198F0 /* Networking */ = {
			isa = PBXGroup;
			children = (
				F38CE85D283E5BD9009198F0 /* OnboardingService.swift */,
			);
			path = Networking;
			sourceTree = "<group>";
		};
		F38CE852283E5214009198F0 /* Model */ = {
			isa = PBXGroup;
			children = (
				F38CE854283E5342009198F0 /* Jogador.swift */,
			);
			path = Model;
			sourceTree = "<group>";
		};
		F38CE853283E521C009198F0 /* ViewModel */ = {
			isa = PBXGroup;
			children = (
				F38CE868283E71BC009198F0 /* OnboardingViewModel.swift */,
			);
			path = ViewModel;
			sourceTree = "<group>";
		};
		F38CE860283E5F7B009198F0 /* Ultils */ = {
			isa = PBXGroup;
			children = (
				F38CE861283E5FDD009198F0 /* Utilities.swift */,
			);
			path = Ultils;
			sourceTree = "<group>";
		};
		F38CE86B283EA9AB009198F0 /* Protocol */ = {
			isa = PBXGroup;
			children = (
				F38CE86C283EA9CB009198F0 /* OnboardingProtocol.swift */,
			);
			path = Protocol;
			sourceTree = "<group>";
		};
		F38CE870283EAEE1009198F0 /* Coordinator */ = {
			isa = PBXGroup;
			children = (
				F38CE871283EAEF1009198F0 /* HomeCoordinator.swift */,
			);
			path = Coordinator;
			sourceTree = "<group>";
		};
		F38CE876283EBA8F009198F0 /* Networking */ = {
			isa = PBXGroup;
			children = (
				F37FF4F6283EE626009E14D0 /* HomeService.swift */,
			);
			path = Networking;
			sourceTree = "<group>";
		};
		F38CE877283EBAA6009198F0 /* ViewModel */ = {
			isa = PBXGroup;
			children = (
				F38CE879283ED1B2009198F0 /* HomeViewModel.swift */,
			);
			path = ViewModel;
			sourceTree = "<group>";
		};
		F3BAD11F283C04C7004E4618 = {
			isa = PBXGroup;
			children = (
				F3BAD12A283C04C7004E4618 /* Quiz */,
				F3BAD129283C04C7004E4618 /* Products */,
			);
			sourceTree = "<group>";
		};
		F3BAD129283C04C7004E4618 /* Products */ = {
			isa = PBXGroup;
			children = (
				F3BAD128283C04C7004E4618 /* Quiz.app */,
			);
			name = Products;
			sourceTree = "<group>";
		};
		F3BAD12A283C04C7004E4618 /* Quiz */ = {
			isa = PBXGroup;
			children = (
				F3BAD140283C04F7004E4618 /* Application */,
				F3BAD141283C0537004E4618 /* CoordinatorMain */,
				F38A2F3A283D07B600BEF36D /* Resources */,
				F3BAD146283C0C4F004E4618 /* Scenes */,
				F3BAD139283C04CA004E4618 /* Info.plist */,
			);
			path = Quiz;
			sourceTree = "<group>";
		};
		F3BAD140283C04F7004E4618 /* Application */ = {
			isa = PBXGroup;
			children = (
				F3BAD12B283C04C7004E4618 /* AppDelegate.swift */,
				F3BAD12D283C04C7004E4618 /* SceneDelegate.swift */,
				F3BAD134283C04CA004E4618 /* Assets.xcassets */,
			);
			path = Application;
			sourceTree = "<group>";
		};
		F3BAD141283C0537004E4618 /* CoordinatorMain */ = {
			isa = PBXGroup;
			children = (
				F3BAD142283C0557004E4618 /* AppCoordinator.swift */,
			);
			path = CoordinatorMain;
			sourceTree = "<group>";
		};
		F3BAD146283C0C4F004E4618 /* Scenes */ = {
			isa = PBXGroup;
			children = (
				F3BAD136283C04CA004E4618 /* LaunchScreen.storyboard */,
				F3BAD147283C0C69004E4618 /* Onboarding */,
				F3BAD154283C146A004E4618 /* Home */,
				F3BAD156283C149F004E4618 /* Desafio */,
				F38A2F50283DD7D700BEF36D /* Celebracao */,
			);
			path = Scenes;
			sourceTree = "<group>";
		};
		F3BAD147283C0C69004E4618 /* Onboarding */ = {
			isa = PBXGroup;
			children = (
				F3BAD14F283C0CB1004E4618 /* Coordinator */,
				F38CE86B283EA9AB009198F0 /* Protocol */,
				F38CE851283E51E4009198F0 /* Networking */,
				F38CE852283E5214009198F0 /* Model */,
				F38CE853283E521C009198F0 /* ViewModel */,
				F3BAD14E283C0C93004E4618 /* View */,
			);
			path = Onboarding;
			sourceTree = "<group>";
		};
		F3BAD14E283C0C93004E4618 /* View */ = {
			isa = PBXGroup;
			children = (
				F38A2F4B283DB16A00BEF36D /* OnboardingViewController.swift */,
				F38A2F4C283DB16A00BEF36D /* OnboardingViewController.xib */,
			);
			path = View;
			sourceTree = "<group>";
		};
		F3BAD14F283C0CB1004E4618 /* Coordinator */ = {
			isa = PBXGroup;
			children = (
				F3BAD150283C0CCE004E4618 /* OnboardingCoordinator.swift */,
			);
			path = Coordinator;
			sourceTree = "<group>";
		};
		F3BAD154283C146A004E4618 /* Home */ = {
			isa = PBXGroup;
			children = (
				F38CE870283EAEE1009198F0 /* Coordinator */,
				F3BD9AC3283C3A1500546BCC /* Protocol */,
				F38CE876283EBA8F009198F0 /* Networking */,
				F38CE877283EBAA6009198F0 /* ViewModel */,
				F3BAD155283C147F004E4618 /* View */,
			);
			path = Home;
			sourceTree = "<group>";
		};
		F3BAD155283C147F004E4618 /* View */ = {
			isa = PBXGroup;
			children = (
				F38A2F3F283D1C3D00BEF36D /* Cell */,
				F3BD9ACB283C416700546BCC /* HomeViewController.swift */,
				F3BD9ACC283C416700546BCC /* HomeViewController.xib */,
			);
			path = View;
			sourceTree = "<group>";
		};
		F3BAD156283C149F004E4618 /* Desafio */ = {
			isa = PBXGroup;
			children = (
				F37FF4FC283F20D9009E14D0 /* Coordinator */,
				F37FF502283F22CA009E14D0 /* Protocol */,
				F37FF505283F22ED009E14D0 /* Model */,
				F37FF503283F22D4009E14D0 /* Networking */,
				F37FF504283F22E0009E14D0 /* ViewModel */,
				F3BAD157283C1519004E4618 /* View */,
			);
			path = Desafio;
			sourceTree = "<group>";
		};
		F3BAD157283C1519004E4618 /* View */ = {
			isa = PBXGroup;
			children = (
				F38A2F44283D9B0700BEF36D /* Cell */,
				F3BAD158283C1530004E4618 /* DesafioViewController.swift */,
				F3BAD159283C1530004E4618 /* DesafioViewController.xib */,
			);
			path = View;
			sourceTree = "<group>";
		};
		F3BD9AC3283C3A1500546BCC /* Protocol */ = {
			isa = PBXGroup;
			children = (
				F37FF4F3283EE58F009E14D0 /* HomeProtocol.swift */,
			);
			path = Protocol;
			sourceTree = "<group>";
		};
/* End PBXGroup section */

/* Begin PBXNativeTarget section */
		F3BAD127283C04C7004E4618 /* Quiz */ = {
			isa = PBXNativeTarget;
			buildConfigurationList = F3BAD13C283C04CA004E4618 /* Build configuration list for PBXNativeTarget "Quiz" */;
			buildPhases = (
				F3BAD124283C04C7004E4618 /* Sources */,
				F3BAD125283C04C7004E4618 /* Frameworks */,
				F3BAD126283C04C7004E4618 /* Resources */,
			);
			buildRules = (
			);
			dependencies = (
			);
			name = Quiz;
			packageProductDependencies = (
				F38CE858283E5713009198F0 /* Realm */,
				F38CE85A283E5713009198F0 /* RealmSwift */,
				F37FF50B283F2423009E14D0 /* Alamofire */,
			);
			productName = Quiz;
			productReference = F3BAD128283C04C7004E4618 /* Quiz.app */;
			productType = "com.apple.product-type.application";
		};
/* End PBXNativeTarget section */

/* Begin PBXProject section */
		F3BAD120283C04C7004E4618 /* Project object */ = {
			isa = PBXProject;
			attributes = {
				LastSwiftUpdateCheck = 1210;
				LastUpgradeCheck = 1210;
				TargetAttributes = {
					F3BAD127283C04C7004E4618 = {
						CreatedOnToolsVersion = 12.1;
					};
				};
			};
			buildConfigurationList = F3BAD123283C04C7004E4618 /* Build configuration list for PBXProject "Quiz" */;
			compatibilityVersion = "Xcode 9.3";
			developmentRegion = en;
			hasScannedForEncodings = 0;
			knownRegions = (
				en,
				Base,
			);
			mainGroup = F3BAD11F283C04C7004E4618;
			packageReferences = (
				F38CE857283E5713009198F0 /* XCRemoteSwiftPackageReference "realm-swift" */,
				F37FF50A283F2423009E14D0 /* XCRemoteSwiftPackageReference "Alamofire" */,
			);
			productRefGroup = F3BAD129283C04C7004E4618 /* Products */;
			projectDirPath = "";
			projectRoot = "";
			targets = (
				F3BAD127283C04C7004E4618 /* Quiz */,
			);
		};
/* End PBXProject section */

/* Begin PBXResourcesBuildPhase section */
		F3BAD126283C04C7004E4618 /* Resources */ = {
			isa = PBXResourcesBuildPhase;
			buildActionMask = 2147483647;
			files = (
				F3BAD138283C04CA004E4618 /* LaunchScreen.storyboard in Resources */,
				F38A2F54283DD83E00BEF36D /* CelebracaoViewController.xib in Resources */,
				F3BAD135283C04CA004E4618 /* Assets.xcassets in Resources */,
				F38A2F4E283DB16A00BEF36D /* OnboardingViewController.xib in Resources */,
				F3BAD15B283C1530004E4618 /* DesafioViewController.xib in Resources */,
				F3BD9ACE283C416700546BCC /* HomeViewController.xib in Resources */,
			);
			runOnlyForDeploymentPostprocessing = 0;
		};
/* End PBXResourcesBuildPhase section */

/* Begin PBXSourcesBuildPhase section */
		F3BAD124283C04C7004E4618 /* Sources */ = {
			isa = PBXSourcesBuildPhase;
			buildActionMask = 2147483647;
			files = (
				F37FF4FE283F20FF009E14D0 /* DesafioCoordinator.swift in Sources */,
				F37FF4F7283EE626009E14D0 /* HomeService.swift in Sources */,
				F38CE87A283ED1B2009198F0 /* HomeViewModel.swift in Sources */,
				F3BAD143283C0557004E4618 /* AppCoordinator.swift in Sources */,
				F3BD9AC5283C3A2D00546BCC /* ProtocolViewCode.swift in Sources */,
				F3BAD151283C0CCE004E4618 /* OnboardingCoordinator.swift in Sources */,
				F37FF4F4283EE58F009E14D0 /* HomeProtocol.swift in Sources */,
				F38CE862283E5FDD009198F0 /* Utilities.swift in Sources */,
				F38CE86D283EA9CB009198F0 /* OnboardingProtocol.swift in Sources */,
				F3BD9ACD283C416700546BCC /* HomeViewController.swift in Sources */,
				F38CE855283E5342009198F0 /* Jogador.swift in Sources */,
				F38A2F53283DD83E00BEF36D /* CelebracaoViewController.swift in Sources */,
				F37FF50F283F2446009E14D0 /* DesafioProtocol.swift in Sources */,
				F3BAD12C283C04C7004E4618 /* AppDelegate.swift in Sources */,
				F38CE869283E71BC009198F0 /* OnboardingViewModel.swift in Sources */,
				F38CE85E283E5BD9009198F0 /* OnboardingService.swift in Sources */,
				F3BAD12E283C04C7004E4618 /* SceneDelegate.swift in Sources */,
				F38CE872283EAEF1009198F0 /* HomeCoordinator.swift in Sources */,
				F37FF507283F232D009E14D0 /* Question.swift in Sources */,
				F38A2F46283D9B4100BEF36D /* AlternativaCollectionViewCell.swift in Sources */,
				F38A2F41283D1C5A00BEF36D /* InfoCollectionViewCell.swift in Sources */,
				F38A2F4D283DB16A00BEF36D /* OnboardingViewController.swift in Sources */,
				F3BAD15A283C1530004E4618 /* DesafioViewController.swift in Sources */,
			);
			runOnlyForDeploymentPostprocessing = 0;
		};
/* End PBXSourcesBuildPhase section */

/* Begin PBXVariantGroup section */
		F3BAD136283C04CA004E4618 /* LaunchScreen.storyboard */ = {
			isa = PBXVariantGroup;
			children = (
				F3BAD137283C04CA004E4618 /* Base */,
			);
			name = LaunchScreen.storyboard;
			sourceTree = "<group>";
		};
/* End PBXVariantGroup section */

/* Begin XCBuildConfiguration section */
		F3BAD13A283C04CA004E4618 /* Debug */ = {
			isa = XCBuildConfiguration;
			buildSettings = {
				ALWAYS_SEARCH_USER_PATHS = NO;
				CLANG_ANALYZER_NONNULL = YES;
				CLANG_ANALYZER_NUMBER_OBJECT_CONVERSION = YES_AGGRESSIVE;
				CLANG_CXX_LANGUAGE_STANDARD = "gnu++14";
				CLANG_CXX_LIBRARY = "libc++";
				CLANG_ENABLE_MODULES = YES;
				CLANG_ENABLE_OBJC_ARC = YES;
				CLANG_ENABLE_OBJC_WEAK = YES;
				CLANG_WARN_BLOCK_CAPTURE_AUTORELEASING = YES;
				CLANG_WARN_BOOL_CONVERSION = YES;
				CLANG_WARN_COMMA = YES;
				CLANG_WARN_CONSTANT_CONVERSION = YES;
				CLANG_WARN_DEPRECATED_OBJC_IMPLEMENTATIONS = YES;
				CLANG_WARN_DIRECT_OBJC_ISA_USAGE = YES_ERROR;
				CLANG_WARN_DOCUMENTATION_COMMENTS = YES;
				CLANG_WARN_EMPTY_BODY = YES;
				CLANG_WARN_ENUM_CONVERSION = YES;
				CLANG_WARN_INFINITE_RECURSION = YES;
				CLANG_WARN_INT_CONVERSION = YES;
				CLANG_WARN_NON_LITERAL_NULL_CONVERSION = YES;
				CLANG_WARN_OBJC_IMPLICIT_RETAIN_SELF = YES;
				CLANG_WARN_OBJC_LITERAL_CONVERSION = YES;
				CLANG_WARN_OBJC_ROOT_CLASS = YES_ERROR;
				CLANG_WARN_QUOTED_INCLUDE_IN_FRAMEWORK_HEADER = YES;
				CLANG_WARN_RANGE_LOOP_ANALYSIS = YES;
				CLANG_WARN_STRICT_PROTOTYPES = YES;
				CLANG_WARN_SUSPICIOUS_MOVE = YES;
				CLANG_WARN_UNGUARDED_AVAILABILITY = YES_AGGRESSIVE;
				CLANG_WARN_UNREACHABLE_CODE = YES;
				CLANG_WARN__DUPLICATE_METHOD_MATCH = YES;
				COPY_PHASE_STRIP = NO;
				DEBUG_INFORMATION_FORMAT = dwarf;
				ENABLE_STRICT_OBJC_MSGSEND = YES;
				ENABLE_TESTABILITY = YES;
				GCC_C_LANGUAGE_STANDARD = gnu11;
				GCC_DYNAMIC_NO_PIC = NO;
				GCC_NO_COMMON_BLOCKS = YES;
				GCC_OPTIMIZATION_LEVEL = 0;
				GCC_PREPROCESSOR_DEFINITIONS = (
					"DEBUG=1",
					"$(inherited)",
				);
				GCC_WARN_64_TO_32_BIT_CONVERSION = YES;
				GCC_WARN_ABOUT_RETURN_TYPE = YES_ERROR;
				GCC_WARN_UNDECLARED_SELECTOR = YES;
				GCC_WARN_UNINITIALIZED_AUTOS = YES_AGGRESSIVE;
				GCC_WARN_UNUSED_FUNCTION = YES;
				GCC_WARN_UNUSED_VARIABLE = YES;
				IPHONEOS_DEPLOYMENT_TARGET = 14.1;
				MTL_ENABLE_DEBUG_INFO = INCLUDE_SOURCE;
				MTL_FAST_MATH = YES;
				ONLY_ACTIVE_ARCH = YES;
				SDKROOT = iphoneos;
				SWIFT_ACTIVE_COMPILATION_CONDITIONS = DEBUG;
				SWIFT_OPTIMIZATION_LEVEL = "-Onone";
			};
			name = Debug;
		};
		F3BAD13B283C04CA004E4618 /* Release */ = {
			isa = XCBuildConfiguration;
			buildSettings = {
				ALWAYS_SEARCH_USER_PATHS = NO;
				CLANG_ANALYZER_NONNULL = YES;
				CLANG_ANALYZER_NUMBER_OBJECT_CONVERSION = YES_AGGRESSIVE;
				CLANG_CXX_LANGUAGE_STANDARD = "gnu++14";
				CLANG_CXX_LIBRARY = "libc++";
				CLANG_ENABLE_MODULES = YES;
				CLANG_ENABLE_OBJC_ARC = YES;
				CLANG_ENABLE_OBJC_WEAK = YES;
				CLANG_WARN_BLOCK_CAPTURE_AUTORELEASING = YES;
				CLANG_WARN_BOOL_CONVERSION = YES;
				CLANG_WARN_COMMA = YES;
				CLANG_WARN_CONSTANT_CONVERSION = YES;
				CLANG_WARN_DEPRECATED_OBJC_IMPLEMENTATIONS = YES;
				CLANG_WARN_DIRECT_OBJC_ISA_USAGE = YES_ERROR;
				CLANG_WARN_DOCUMENTATION_COMMENTS = YES;
				CLANG_WARN_EMPTY_BODY = YES;
				CLANG_WARN_ENUM_CONVERSION = YES;
				CLANG_WARN_INFINITE_RECURSION = YES;
				CLANG_WARN_INT_CONVERSION = YES;
				CLANG_WARN_NON_LITERAL_NULL_CONVERSION = YES;
				CLANG_WARN_OBJC_IMPLICIT_RETAIN_SELF = YES;
				CLANG_WARN_OBJC_LITERAL_CONVERSION = YES;
				CLANG_WARN_OBJC_ROOT_CLASS = YES_ERROR;
				CLANG_WARN_QUOTED_INCLUDE_IN_FRAMEWORK_HEADER = YES;
				CLANG_WARN_RANGE_LOOP_ANALYSIS = YES;
				CLANG_WARN_STRICT_PROTOTYPES = YES;
				CLANG_WARN_SUSPICIOUS_MOVE = YES;
				CLANG_WARN_UNGUARDED_AVAILABILITY = YES_AGGRESSIVE;
				CLANG_WARN_UNREACHABLE_CODE = YES;
				CLANG_WARN__DUPLICATE_METHOD_MATCH = YES;
				COPY_PHASE_STRIP = NO;
				DEBUG_INFORMATION_FORMAT = "dwarf-with-dsym";
				ENABLE_NS_ASSERTIONS = NO;
				ENABLE_STRICT_OBJC_MSGSEND = YES;
				GCC_C_LANGUAGE_STANDARD = gnu11;
				GCC_NO_COMMON_BLOCKS = YES;
				GCC_WARN_64_TO_32_BIT_CONVERSION = YES;
				GCC_WARN_ABOUT_RETURN_TYPE = YES_ERROR;
				GCC_WARN_UNDECLARED_SELECTOR = YES;
				GCC_WARN_UNINITIALIZED_AUTOS = YES_AGGRESSIVE;
				GCC_WARN_UNUSED_FUNCTION = YES;
				GCC_WARN_UNUSED_VARIABLE = YES;
				IPHONEOS_DEPLOYMENT_TARGET = 14.1;
				MTL_ENABLE_DEBUG_INFO = NO;
				MTL_FAST_MATH = YES;
				SDKROOT = iphoneos;
				SWIFT_COMPILATION_MODE = wholemodule;
				SWIFT_OPTIMIZATION_LEVEL = "-O";
				VALIDATE_PRODUCT = YES;
			};
			name = Release;
		};
		F3BAD13D283C04CA004E4618 /* Debug */ = {
			isa = XCBuildConfiguration;
			buildSettings = {
				ASSETCATALOG_COMPILER_APPICON_NAME = AppIcon;
				ASSETCATALOG_COMPILER_GLOBAL_ACCENT_COLOR_NAME = AccentColor;
				CODE_SIGN_STYLE = Automatic;
				INFOPLIST_FILE = Quiz/Info.plist;
				LD_RUNPATH_SEARCH_PATHS = (
					"$(inherited)",
					"@executable_path/Frameworks",
				);
				PRODUCT_BUNDLE_IDENTIFIER = com.example.Quiz;
				PRODUCT_NAME = "$(TARGET_NAME)";
				SWIFT_VERSION = 5.0;
				TARGETED_DEVICE_FAMILY = "1,2";
			};
			name = Debug;
		};
		F3BAD13E283C04CA004E4618 /* Release */ = {
			isa = XCBuildConfiguration;
			buildSettings = {
				ASSETCATALOG_COMPILER_APPICON_NAME = AppIcon;
				ASSETCATALOG_COMPILER_GLOBAL_ACCENT_COLOR_NAME = AccentColor;
				CODE_SIGN_STYLE = Automatic;
				INFOPLIST_FILE = Quiz/Info.plist;
				LD_RUNPATH_SEARCH_PATHS = (
					"$(inherited)",
					"@executable_path/Frameworks",
				);
				PRODUCT_BUNDLE_IDENTIFIER = com.example.Quiz;
				PRODUCT_NAME = "$(TARGET_NAME)";
				SWIFT_VERSION = 5.0;
				TARGETED_DEVICE_FAMILY = "1,2";
			};
			name = Release;
		};
/* End XCBuildConfiguration section */

/* Begin XCConfigurationList section */
		F3BAD123283C04C7004E4618 /* Build configuration list for PBXProject "Quiz" */ = {
			isa = XCConfigurationList;
			buildConfigurations = (
				F3BAD13A283C04CA004E4618 /* Debug */,
				F3BAD13B283C04CA004E4618 /* Release */,
			);
			defaultConfigurationIsVisible = 0;
			defaultConfigurationName = Release;
		};
		F3BAD13C283C04CA004E4618 /* Build configuration list for PBXNativeTarget "Quiz" */ = {
			isa = XCConfigurationList;
			buildConfigurations = (
				F3BAD13D283C04CA004E4618 /* Debug */,
				F3BAD13E283C04CA004E4618 /* Release */,
			);
			defaultConfigurationIsVisible = 0;
			defaultConfigurationName = Release;
		};
/* End XCConfigurationList section */

/* Begin XCRemoteSwiftPackageReference section */
		F37FF50A283F2423009E14D0 /* XCRemoteSwiftPackageReference "Alamofire" */ = {
			isa = XCRemoteSwiftPackageReference;
			repositoryURL = "https://github.com/Alamofire/Alamofire.git";
			requirement = {
				kind = upToNextMajorVersion;
				minimumVersion = 5.4.4;
			};
		};
		F38CE857283E5713009198F0 /* XCRemoteSwiftPackageReference "realm-swift" */ = {
			isa = XCRemoteSwiftPackageReference;
			repositoryURL = "https://github.com/realm/realm-swift.git";
			requirement = {
				kind = upToNextMajorVersion;
				minimumVersion = 10.19.0;
			};
		};
/* End XCRemoteSwiftPackageReference section */

/* Begin XCSwiftPackageProductDependency section */
		F37FF50B283F2423009E14D0 /* Alamofire */ = {
			isa = XCSwiftPackageProductDependency;
			package = F37FF50A283F2423009E14D0 /* XCRemoteSwiftPackageReference "Alamofire" */;
			productName = Alamofire;
		};
		F38CE858283E5713009198F0 /* Realm */ = {
			isa = XCSwiftPackageProductDependency;
			package = F38CE857283E5713009198F0 /* XCRemoteSwiftPackageReference "realm-swift" */;
			productName = Realm;
		};
		F38CE85A283E5713009198F0 /* RealmSwift */ = {
			isa = XCSwiftPackageProductDependency;
			package = F38CE857283E5713009198F0 /* XCRemoteSwiftPackageReference "realm-swift" */;
			productName = RealmSwift;
		};
/* End XCSwiftPackageProductDependency section */
	};
	rootObject = F3BAD120283C04C7004E4618 /* Project object */;
}
